
Microsoft Visual Studio Solution File, Format Version 12.00
# Visual Studio Version 17
VisualStudioVersion = 17.14.36221.1 d17.14
MinimumVisualStudioVersion = 10.0.40219.1
Project("{FAE04EC0-301F-11D3-BF4B-00C04F79EFBC}") = "EmployeeExpensesClaim", "EmployeeExpensesClaim\EmployeeExpensesClaim.csproj", "{15304553-CC7F-4AD2-980F-52998119C642}"
EndProject
Global
	GlobalSection(SolutionConfigurationPlatforms) = preSolution
		Debug|Any CPU = Debug|Any CPU
		Release|Any CPU = Release|Any CPU
	EndGlobalSection
	GlobalSection(ProjectConfigurationPlatforms) = postSolution
		{15304553-CC7F-4AD2-980F-52998119C642}.Debug|Any CPU.ActiveCfg = Debug|Any CPU
		{15304553-CC7F-4AD2-980F-52998119C642}.Debug|Any CPU.Build.0 = Debug|Any CPU
		{15304553-CC7F-4AD2-980F-52998119C642}.Release|Any CPU.ActiveCfg = Release|Any CPU
		{15304553-CC7F-4AD2-980F-52998119C642}.Release|Any CPU.Build.0 = Release|Any CPU
	EndGlobalSection
	GlobalSection(SolutionProperties) = preSolution
		HideSolutionNode = FALSE
	EndGlobalSection
	GlobalSection(ExtensibilityGlobals) = postSolution
		SolutionGuid = {C65E92C7-2EC2-4015-A484-18B65DA03281}
	EndGlobalSection
EndGlobal
